hash: cff488960eef22e04376b1443721a7d7e6980c60a1918e2f0c1c7f15c81d0e06
updated: 2018-02-14T12:56:41.210533-05:00
imports:
- name: github.com/beeker1121/mailchimp-go
  version: 7c5f827423b2a08c0cb05f6a79ea9fec1d2eb257
  subpackages:
  - lists/members
  - query
- name: github.com/gorilla/context
  version: 08b5f424b9271eedf6f9f0ce86cb9396ed337a42
- name: github.com/gorilla/mux
  version: 53c1911da2b537f792e7cafcb446b05ffe33b996
- name: github.com/gorilla/sessions
  version: ca9ada44574153444b00d3fd9c8559e4cc95f896
- name: github.com/gregm711/easypost-go
  version: 551ba2168ddb54a95397fa1cc8b05171719380b0
- name: github.com/pkg/errors
  version: 30136e27e2ac8d167177e8a583aa4c3fea5be833
- name: github.com/rs/cors
  version: 7af7a1e09ba336d2ea14b1ce73bf693c6837dbf6
- name: github.com/satori/go.uuid
  version: f58768cc1a7a7e77a3bd49e98cdd21419399b6a3
- name: github.com/sirupsen/logrus
  version: d682213848ed68c0a260ca37d6dd5ace8423f5ba
- name: github.com/stripe/stripe-go
  version: c7c700f9a469299d3577b57bb9a970d005cfee6c
  subpackages:
  - card
  - coupon
  - currency
  - customer
  - form
  - order
  - orderitem
  - product
  - sku
  - webhook
- name: golang.org/x/crypto
  version: bd6f299fb381e4c3393d1c4b1f0b94f5e77650c8
  subpackages:
  - ssh/terminal
- name: golang.org/x/sys
  version: 95c6576299259db960f6c5b9b69ea52422860fce
  subpackages:
  - unix
  - windows
- name: gopkg.in/mailgun/mailgun-go.v1
  version: a4002e2df2e8ca2da6a6fbb4a72871b504e49f50
testImports: []
