hash: 0e90220c4dfa482b95108a85fd5f15d2f7536a4e2b508c8077b05e0904187c4a
updated: 2017-12-01T12:03:41.494086-05:00
imports:
- name: github.com/beeker1121/mailchimp-go
  version: 7c5f827423b2a08c0cb05f6a79ea9fec1d2eb257
  subpackages:
  - query
- name: github.com/gorilla/context
  version: 08b5f424b9271eedf6f9f0ce86cb9396ed337a42
- name: github.com/gorilla/mux
  version: 7f08801859139f86dfafd1c296e2cba9a80d292e
- name: github.com/sirupsen/logrus
  version: f006c2ac4710855cf0f916dd6b77acf6b048dc6e
- name: golang.org/x/crypto
  version: bd6f299fb381e4c3393d1c4b1f0b94f5e77650c8
  subpackages:
  - ssh/terminal
- name: golang.org/x/sys
  version: 95c6576299259db960f6c5b9b69ea52422860fce
  subpackages:
  - unix
  - windows
testImports: []
